{
  "version": 4,
  "terraform_version": "0.12.24",
  "serial": 11,
  "lineage": "3b508140-219d-d759-d799-6da0604f75c3",
  "outputs": {
    "arn": {
      "value": "arn:aws:ec2:us-east-2:309342038193:vpc/vpc-0a3c15a817c32f016",
      "type": "string"
    }
  },
  "resources": [
    {
      "mode": "managed",
      "type": "aws_vpc",
      "name": "myvpc",
      "provider": "provider.aws",
      "instances": [
        {
          "schema_version": 1,
          "attributes": {
            "arn": "arn:aws:ec2:us-east-2:309342038193:vpc/vpc-0a3c15a817c32f016",
            "assign_generated_ipv6_cidr_block": false,
            "cidr_block": "10.0.0.0/16",
            "default_network_acl_id": "acl-08da8214d1ce0f99b",
            "default_route_table_id": "rtb-0bef89c8500fab837",
            "default_security_group_id": "sg-09d4e6044fc1726dd",
            "dhcp_options_id": "dopt-12a43279",
            "enable_classiclink": null,
            "enable_classiclink_dns_support": null,
            "enable_dns_hostnames": false,
            "enable_dns_support": true,
            "id": "vpc-0a3c15a817c32f016",
            "instance_tenancy": "default",
            "ipv6_association_id": "",
            "ipv6_cidr_block": "",
            "main_route_table_id": "rtb-0bef89c8500fab837",
            "owner_id": "309342038193",
            "tags": {},
            "tags_all": {}
          },
          "private": "eyJzY2hlbWFfdmVyc2lvbiI6IjEifQ=="
        }
      ]
    }
  ]
}
